
Microsoft Visual Studio Solution File, Format Version 12.00
# Visual Studio 15
VisualStudioVersion = 15.0.27703.2042
MinimumVisualStudioVersion = 10.0.40219.1
Project("{8BC9CEB8-8B4A-11D0-8D11-00A0C91BC942}") = "OpenCL_helloWorld", "OpenCL_helloWorld\OpenCL_helloWorld.vcxproj", "{0B03DF8C-EDC3-4FFE-81CE-F00564202B2E}"
EndProject
Project("{8BC9CEB8-8B4A-11D0-8D11-00A0C91BC942}") = "OpenCL_arrayProcessing", "OpenCL_arrayProcessing\OpenCL_arrayProcessing.vcxproj", "{54F4EF11-72F4-4DE7-AA83-A7A448460F9F}"
EndProject
Global
	GlobalSection(SolutionConfigurationPlatforms) = preSolution
		Debug|x64 = Debug|x64
		Debug|x86 = Debug|x86
		Release|x64 = Release|x64
		Release|x86 = Release|x86
	EndGlobalSection
	GlobalSection(ProjectConfigurationPlatforms) = postSolution
		{0B03DF8C-EDC3-4FFE-81CE-F00564202B2E}.Debug|x64.ActiveCfg = Debug|x64
		{0B03DF8C-EDC3-4FFE-81CE-F00564202B2E}.Debug|x64.Build.0 = Debug|x64
		{0B03DF8C-EDC3-4FFE-81CE-F00564202B2E}.Debug|x86.ActiveCfg = Debug|Win32
		{0B03DF8C-EDC3-4FFE-81CE-F00564202B2E}.Debug|x86.Build.0 = Debug|Win32
		{0B03DF8C-EDC3-4FFE-81CE-F00564202B2E}.Release|x64.ActiveCfg = Release|x64
		{0B03DF8C-EDC3-4FFE-81CE-F00564202B2E}.Release|x64.Build.0 = Release|x64
		{0B03DF8C-EDC3-4FFE-81CE-F00564202B2E}.Release|x86.ActiveCfg = Release|Win32
		{0B03DF8C-EDC3-4FFE-81CE-F00564202B2E}.Release|x86.Build.0 = Release|Win32
		{54F4EF11-72F4-4DE7-AA83-A7A448460F9F}.Debug|x64.ActiveCfg = Debug|x64
		{54F4EF11-72F4-4DE7-AA83-A7A448460F9F}.Debug|x64.Build.0 = Debug|x64
		{54F4EF11-72F4-4DE7-AA83-A7A448460F9F}.Debug|x86.ActiveCfg = Debug|Win32
		{54F4EF11-72F4-4DE7-AA83-A7A448460F9F}.Debug|x86.Build.0 = Debug|Win32
		{54F4EF11-72F4-4DE7-AA83-A7A448460F9F}.Release|x64.ActiveCfg = Release|x64
		{54F4EF11-72F4-4DE7-AA83-A7A448460F9F}.Release|x64.Build.0 = Release|x64
		{54F4EF11-72F4-4DE7-AA83-A7A448460F9F}.Release|x86.ActiveCfg = Release|Win32
		{54F4EF11-72F4-4DE7-AA83-A7A448460F9F}.Release|x86.Build.0 = Release|Win32
	EndGlobalSection
	GlobalSection(SolutionProperties) = preSolution
		HideSolutionNode = FALSE
	EndGlobalSection
	GlobalSection(ExtensibilityGlobals) = postSolution
		SolutionGuid = {EBF0D709-E001-4737-B089-E1F44A1DF54B}
	EndGlobalSection
EndGlobal
